
Microsoft Visual Studio Solution File, Format Version 12.00
# Visual Studio 15
VisualStudioVersion = 15.0.28010.2016
MinimumVisualStudioVersion = 10.0.40219.1
Project("{FAE04EC0-301F-11D3-BF4B-00C04F79EFBC}") = "ListNumbers", "ListNumbers\ListNumbers.csproj", "{95E55533-EC0C-4FDC-AE6F-64E1F35CFAC6}"
EndProject
Global
	GlobalSection(SolutionConfigurationPlatforms) = preSolution
		Debug|Any CPU = Debug|Any CPU
		Release|Any CPU = Release|Any CPU
	EndGlobalSection
	GlobalSection(ProjectConfigurationPlatforms) = postSolution
		{95E55533-EC0C-4FDC-AE6F-64E1F35CFAC6}.Debug|Any CPU.ActiveCfg = Debug|Any CPU
		{95E55533-EC0C-4FDC-AE6F-64E1F35CFAC6}.Debug|Any CPU.Build.0 = Debug|Any CPU
		{95E55533-EC0C-4FDC-AE6F-64E1F35CFAC6}.Release|Any CPU.ActiveCfg = Release|Any CPU
		{95E55533-EC0C-4FDC-AE6F-64E1F35CFAC6}.Release|Any CPU.Build.0 = Release|Any CPU
	EndGlobalSection
	GlobalSection(SolutionProperties) = preSolution
		HideSolutionNode = FALSE
	EndGlobalSection
	GlobalSection(ExtensibilityGlobals) = postSolution
		SolutionGuid = {B6FA83BA-F1F3-4886-9443-EC3DF7D71535}
	EndGlobalSection
EndGlobal
