
Microsoft Visual Studio Solution File, Format Version 12.00
# Visual Studio 15
VisualStudioVersion = 15.0.28010.2016
MinimumVisualStudioVersion = 10.0.40219.1
Project("{FAE04EC0-301F-11D3-BF4B-00C04F79EFBC}") = "VarAndDynamic", "VarAndDynamic\VarAndDynamic.csproj", "{BE81AD19-2819-4F51-8EC4-CDC8044B7C1D}"
EndProject
Global
	GlobalSection(SolutionConfigurationPlatforms) = preSolution
		Debug|Any CPU = Debug|Any CPU
		Release|Any CPU = Release|Any CPU
	EndGlobalSection
	GlobalSection(ProjectConfigurationPlatforms) = postSolution
		{BE81AD19-2819-4F51-8EC4-CDC8044B7C1D}.Debug|Any CPU.ActiveCfg = Debug|Any CPU
		{BE81AD19-2819-4F51-8EC4-CDC8044B7C1D}.Debug|Any CPU.Build.0 = Debug|Any CPU
		{BE81AD19-2819-4F51-8EC4-CDC8044B7C1D}.Release|Any CPU.ActiveCfg = Release|Any CPU
		{BE81AD19-2819-4F51-8EC4-CDC8044B7C1D}.Release|Any CPU.Build.0 = Release|Any CPU
	EndGlobalSection
	GlobalSection(SolutionProperties) = preSolution
		HideSolutionNode = FALSE
	EndGlobalSection
	GlobalSection(ExtensibilityGlobals) = postSolution
		SolutionGuid = {DC94DE9F-D4A9-488B-BB9B-166CDE814A7F}
	EndGlobalSection
EndGlobal
