
Microsoft Visual Studio Solution File, Format Version 12.00
# Visual Studio 15
VisualStudioVersion = 15.0.28010.2016
MinimumVisualStudioVersion = 10.0.40219.1
Project("{FAE04EC0-301F-11D3-BF4B-00C04F79EFBC}") = "Commented-out", "Commented-out\Commented-out.csproj", "{A34102DB-6343-4410-94E9-49E074759745}"
EndProject
Global
	GlobalSection(SolutionConfigurationPlatforms) = preSolution
		Debug|Any CPU = Debug|Any CPU
		Release|Any CPU = Release|Any CPU
	EndGlobalSection
	GlobalSection(ProjectConfigurationPlatforms) = postSolution
		{A34102DB-6343-4410-94E9-49E074759745}.Debug|Any CPU.ActiveCfg = Debug|Any CPU
		{A34102DB-6343-4410-94E9-49E074759745}.Debug|Any CPU.Build.0 = Debug|Any CPU
		{A34102DB-6343-4410-94E9-49E074759745}.Release|Any CPU.ActiveCfg = Release|Any CPU
		{A34102DB-6343-4410-94E9-49E074759745}.Release|Any CPU.Build.0 = Release|Any CPU
	EndGlobalSection
	GlobalSection(SolutionProperties) = preSolution
		HideSolutionNode = FALSE
	EndGlobalSection
	GlobalSection(ExtensibilityGlobals) = postSolution
		SolutionGuid = {2850D73B-AFE6-4710-81DF-CA14AC6F963E}
	EndGlobalSection
EndGlobal
