
Microsoft Visual Studio Solution File, Format Version 12.00
# Visual Studio 15
VisualStudioVersion = 15.0.28010.2016
MinimumVisualStudioVersion = 10.0.40219.1
Project("{FAE04EC0-301F-11D3-BF4B-00C04F79EFBC}") = "BasicVariables", "BasicVariables\BasicVariables.csproj", "{A68471E5-5554-4676-999A-AB33C520C154}"
EndProject
Global
	GlobalSection(SolutionConfigurationPlatforms) = preSolution
		Debug|Any CPU = Debug|Any CPU
		Release|Any CPU = Release|Any CPU
	EndGlobalSection
	GlobalSection(ProjectConfigurationPlatforms) = postSolution
		{A68471E5-5554-4676-999A-AB33C520C154}.Debug|Any CPU.ActiveCfg = Debug|Any CPU
		{A68471E5-5554-4676-999A-AB33C520C154}.Debug|Any CPU.Build.0 = Debug|Any CPU
		{A68471E5-5554-4676-999A-AB33C520C154}.Release|Any CPU.ActiveCfg = Release|Any CPU
		{A68471E5-5554-4676-999A-AB33C520C154}.Release|Any CPU.Build.0 = Release|Any CPU
	EndGlobalSection
	GlobalSection(SolutionProperties) = preSolution
		HideSolutionNode = FALSE
	EndGlobalSection
	GlobalSection(ExtensibilityGlobals) = postSolution
		SolutionGuid = {530BF6BF-E25F-44F8-A6E8-84F508F4D0B0}
	EndGlobalSection
EndGlobal
