
Microsoft Visual Studio Solution File, Format Version 12.00
# Visual Studio 15
VisualStudioVersion = 15.0.28010.2016
MinimumVisualStudioVersion = 10.0.40219.1
Project("{FAE04EC0-301F-11D3-BF4B-00C04F79EFBC}") = "WakeupLink", "WakeupLink\WakeupLink.csproj", "{71F4C8FE-4F93-46CD-A368-3C08F11F038B}"
EndProject
Global
	GlobalSection(SolutionConfigurationPlatforms) = preSolution
		Debug|Any CPU = Debug|Any CPU
		Release|Any CPU = Release|Any CPU
	EndGlobalSection
	GlobalSection(ProjectConfigurationPlatforms) = postSolution
		{71F4C8FE-4F93-46CD-A368-3C08F11F038B}.Debug|Any CPU.ActiveCfg = Debug|Any CPU
		{71F4C8FE-4F93-46CD-A368-3C08F11F038B}.Debug|Any CPU.Build.0 = Debug|Any CPU
		{71F4C8FE-4F93-46CD-A368-3C08F11F038B}.Release|Any CPU.ActiveCfg = Release|Any CPU
		{71F4C8FE-4F93-46CD-A368-3C08F11F038B}.Release|Any CPU.Build.0 = Release|Any CPU
	EndGlobalSection
	GlobalSection(SolutionProperties) = preSolution
		HideSolutionNode = FALSE
	EndGlobalSection
	GlobalSection(ExtensibilityGlobals) = postSolution
		SolutionGuid = {1FB77521-B55F-4E7B-BC36-4424F6591CB2}
	EndGlobalSection
EndGlobal
